
Microsoft Visual Studio Solution File, Format Version 12.00
# Visual Studio Version 17
VisualStudioVersion = 17.11.35303.130
MinimumVisualStudioVersion = 10.0.40219.1
Project("{FAE04EC0-301F-11D3-BF4B-00C04F79EFBC}") = "2", "2\2.csproj", "{4F90ABEE-29F0-4DC7-8989-EC17FF0DA3B7}"
EndProject
Global
	GlobalSection(SolutionConfigurationPlatforms) = preSolution
		Debug|Any CPU = Debug|Any CPU
		Release|Any CPU = Release|Any CPU
	EndGlobalSection
	GlobalSection(ProjectConfigurationPlatforms) = postSolution
		{4F90ABEE-29F0-4DC7-8989-EC17FF0DA3B7}.Debug|Any CPU.ActiveCfg = Debug|Any CPU
		{4F90ABEE-29F0-4DC7-8989-EC17FF0DA3B7}.Debug|Any CPU.Build.0 = Debug|Any CPU
		{4F90ABEE-29F0-4DC7-8989-EC17FF0DA3B7}.Release|Any CPU.ActiveCfg = Release|Any CPU
		{4F90ABEE-29F0-4DC7-8989-EC17FF0DA3B7}.Release|Any CPU.Build.0 = Release|Any CPU
	EndGlobalSection
	GlobalSection(SolutionProperties) = preSolution
		HideSolutionNode = FALSE
	EndGlobalSection
	GlobalSection(ExtensibilityGlobals) = postSolution
		SolutionGuid = {BE6D840F-E769-4539-A1C3-3B9FBED5C5FA}
	EndGlobalSection
EndGlobal
